// !$*UTF8*$!
{
	archiveVersion = 1;
	classes = {
	};
	objectVersion = 50;
	objects = {

/* Begin PBXBuildFile section */
		DB869AAD263286EF0047C7BE /* lifecounterApp.swift in Sources */ = {isa = PBXBuildFile; fileRef = DB869AAC263286EF0047C7BE /* lifecounterApp.swift */; };
		DB869AAF263286EF0047C7BE /* ContentView.swift in Sources */ = {isa = PBXBuildFile; fileRef = DB869AAE263286EF0047C7BE /* ContentView.swift */; };
		DB869AB1263286F20047C7BE /* Assets.xcassets in Resources */ = {isa = PBXBuildFile; fileRef = DB869AB0263286F20047C7BE /* Assets.xcassets */; };
		DB869AB4263286F20047C7BE /* Preview Assets.xcassets in Resources */ = {isa = PBXBuildFile; fileRef = DB869AB3263286F20047C7BE /* Preview Assets.xcassets */; };
		DB869ABF263286F30047C7BE /* lifecounterTests.swift in Sources */ = {isa = PBXBuildFile; fileRef = DB869ABE263286F30047C7BE /* lifecounterTests.swift */; };
		DB869ACA263286F30047C7BE /* lifecounterUITests.swift in Sources */ = {isa = PBXBuildFile; fileRef = DB869AC9263286F30047C7BE /* lifecounterUITests.swift */; };
		DB869ADE263896220047C7BE /* HistoryView.swift in Sources */ = {isa = PBXBuildFile; fileRef = DB869ADD263896220047C7BE /* HistoryView.swift */; };
		DB869AE62638C4520047C7BE /* PlayerIndiv.swift in Sources */ = {isa = PBXBuildFile; fileRef = DB869AE52638C4520047C7BE /* PlayerIndiv.swift */; };
		DB869AEB2638C4580047C7BE /* Header.swift in Sources */ = {isa = PBXBuildFile; fileRef = DB869AEA2638C4580047C7BE /* Header.swift */; };
/* End PBXBuildFile section */

/* Begin PBXContainerItemProxy section */
		DB869ABB263286F30047C7BE /* PBXContainerItemProxy */ = {
			isa = PBXContainerItemProxy;
			containerPortal = DB869AA1263286EE0047C7BE /* Project object */;
			proxyType = 1;
			remoteGlobalIDString = DB869AA8263286EE0047C7BE;
			remoteInfo = lifecounter;
		};
		DB869AC6263286F30047C7BE /* PBXContainerItemProxy */ = {
			isa = PBXContainerItemProxy;
			containerPortal = DB869AA1263286EE0047C7BE /* Project object */;
			proxyType = 1;
			remoteGlobalIDString = DB869AA8263286EE0047C7BE;
			remoteInfo = lifecounter;
		};
/* End PBXContainerItemProxy section */

/* Begin PBXFileReference section */
		DB869AA9263286EE0047C7BE /* lifecounter.app */ = {isa = PBXFileReference; explicitFileType = wrapper.application; includeInIndex = 0; path = lifecounter.app; sourceTree = BUILT_PRODUCTS_DIR; };
		DB869AAC263286EF0047C7BE /* lifecounterApp.swift */ = {isa = PBXFileReference; lastKnownFileType = sourcecode.swift; path = lifecounterApp.swift; sourceTree = "<group>"; };
		DB869AAE263286EF0047C7BE /* ContentView.swift */ = {isa = PBXFileReference; lastKnownFileType = sourcecode.swift; path = ContentView.swift; sourceTree = "<group>"; };
		DB869AB0263286F20047C7BE /* Assets.xcassets */ = {isa = PBXFileReference; lastKnownFileType = folder.assetcatalog; path = Assets.xcassets; sourceTree = "<group>"; };
		DB869AB3263286F20047C7BE /* Preview Assets.xcassets */ = {isa = PBXFileReference; lastKnownFileType = folder.assetcatalog; path = "Preview Assets.xcassets"; sourceTree = "<group>"; };
		DB869AB5263286F20047C7BE /* Info.plist */ = {isa = PBXFileReference; lastKnownFileType = text.plist.xml; path = Info.plist; sourceTree = "<group>"; };
		DB869ABA263286F30047C7BE /* lifecounterTests.xctest */ = {isa = PBXFileReference; explicitFileType = wrapper.cfbundle; includeInIndex = 0; path = lifecounterTests.xctest; sourceTree = BUILT_PRODUCTS_DIR; };
		DB869ABE263286F30047C7BE /* lifecounterTests.swift */ = {isa = PBXFileReference; lastKnownFileType = sourcecode.swift; path = lifecounterTests.swift; sourceTree = "<group>"; };
		DB869AC0263286F30047C7BE /* Info.plist */ = {isa = PBXFileReference; lastKnownFileType = text.plist.xml; path = Info.plist; sourceTree = "<group>"; };
		DB869AC5263286F30047C7BE /* lifecounterUITests.xctest */ = {isa = PBXFileReference; explicitFileType = wrapper.cfbundle; includeInIndex = 0; path = lifecounterUITests.xctest; sourceTree = BUILT_PRODUCTS_DIR; };
		DB869AC9263286F30047C7BE /* lifecounterUITests.swift */ = {isa = PBXFileReference; lastKnownFileType = sourcecode.swift; path = lifecounterUITests.swift; sourceTree = "<group>"; };
		DB869ACB263286F30047C7BE /* Info.plist */ = {isa = PBXFileReference; lastKnownFileType = text.plist.xml; path = Info.plist; sourceTree = "<group>"; };
		DB869ADD263896220047C7BE /* HistoryView.swift */ = {isa = PBXFileReference; lastKnownFileType = sourcecode.swift; path = HistoryView.swift; sourceTree = "<group>"; };
		DB869AE52638C4520047C7BE /* PlayerIndiv.swift */ = {isa = PBXFileReference; lastKnownFileType = sourcecode.swift; path = PlayerIndiv.swift; sourceTree = "<group>"; };
		DB869AEA2638C4580047C7BE /* Header.swift */ = {isa = PBXFileReference; lastKnownFileType = sourcecode.swift; path = Header.swift; sourceTree = "<group>"; };
/* End PBXFileReference section */

/* Begin PBXFrameworksBuildPhase section */
		DB869AA6263286EE0047C7BE /* Frameworks */ = {
			isa = PBXFrameworksBuildPhase;
			buildActionMask = 2147483647;
			files = (
			);
			runOnlyForDeploymentPostprocessing = 0;
		};
		DB869AB7263286F30047C7BE /* Frameworks */ = {
			isa = PBXFrameworksBuildPhase;
			buildActionMask = 2147483647;
			files = (
			);
			runOnlyForDeploymentPostprocessing = 0;
		};
		DB869AC2263286F30047C7BE /* Frameworks */ = {
			isa = PBXFrameworksBuildPhase;
			buildActionMask = 2147483647;
			files = (
			);
			runOnlyForDeploymentPostprocessing = 0;
		};
/* End PBXFrameworksBuildPhase section */

/* Begin PBXGroup section */
		DB869AA0263286EE0047C7BE = {
			isa = PBXGroup;
			children = (
				DB869AAB263286EE0047C7BE /* lifecounter */,
				DB869ABD263286F30047C7BE /* lifecounterTests */,
				DB869AC8263286F30047C7BE /* lifecounterUITests */,
				DB869AAA263286EE0047C7BE /* Products */,
			);
			sourceTree = "<group>";
		};
		DB869AAA263286EE0047C7BE /* Products */ = {
			isa = PBXGroup;
			children = (
				DB869AA9263286EE0047C7BE /* lifecounter.app */,
				DB869ABA263286F30047C7BE /* lifecounterTests.xctest */,
				DB869AC5263286F30047C7BE /* lifecounterUITests.xctest */,
			);
			name = Products;
			sourceTree = "<group>";
		};
		DB869AAB263286EE0047C7BE /* lifecounter */ = {
			isa = PBXGroup;
			children = (
				DB869AAC263286EF0047C7BE /* lifecounterApp.swift */,
				DB869AAE263286EF0047C7BE /* ContentView.swift */,
				DB869AE52638C4520047C7BE /* PlayerIndiv.swift */,
				DB869AEA2638C4580047C7BE /* Header.swift */,
				DB869AB0263286F20047C7BE /* Assets.xcassets */,
				DB869ADD263896220047C7BE /* HistoryView.swift */,
				DB869AB5263286F20047C7BE /* Info.plist */,
				DB869AB2263286F20047C7BE /* Preview Content */,
			);
			path = lifecounter;
			sourceTree = "<group>";
		};
		DB869AB2263286F20047C7BE /* Preview Content */ = {
			isa = PBXGroup;
			children = (
				DB869AB3263286F20047C7BE /* Preview Assets.xcassets */,
			);
			path = "Preview Content";
			sourceTree = "<group>";
		};
		DB869ABD263286F30047C7BE /* lifecounterTests */ = {
			isa = PBXGroup;
			children = (
				DB869ABE263286F30047C7BE /* lifecounterTests.swift */,
				DB869AC0263286F30047C7BE /* Info.plist */,
			);
			path = lifecounterTests;
			sourceTree = "<group>";
		};
		DB869AC8263286F30047C7BE /* lifecounterUITests */ = {
			isa = PBXGroup;
			children = (
				DB869AC9263286F30047C7BE /* lifecounterUITests.swift */,
				DB869ACB263286F30047C7BE /* Info.plist */,
			);
			path = lifecounterUITests;
			sourceTree = "<group>";
		};
/* End PBXGroup section */

/* Begin PBXNativeTarget section */
		DB869AA8263286EE0047C7BE /* lifecounter */ = {
			isa = PBXNativeTarget;
			buildConfigurationList = DB869ACE263286F30047C7BE /* Build configuration list for PBXNativeTarget "lifecounter" */;
			buildPhases = (
				DB869AA5263286EE0047C7BE /* Sources */,
				DB869AA6263286EE0047C7BE /* Frameworks */,
				DB869AA7263286EE0047C7BE /* Resources */,
			);
			buildRules = (
			);
			dependencies = (
			);
			name = lifecounter;
			productName = lifecounter;
			productReference = DB869AA9263286EE0047C7BE /* lifecounter.app */;
			productType = "com.apple.product-type.application";
		};
		DB869AB9263286F30047C7BE /* lifecounterTests */ = {
			isa = PBXNativeTarget;
			buildConfigurationList = DB869AD1263286F30047C7BE /* Build configuration list for PBXNativeTarget "lifecounterTests" */;
			buildPhases = (
				DB869AB6263286F30047C7BE /* Sources */,
				DB869AB7263286F30047C7BE /* Frameworks */,
				DB869AB8263286F30047C7BE /* Resources */,
			);
			buildRules = (
			);
			dependencies = (
				DB869ABC263286F30047C7BE /* PBXTargetDependency */,
			);
			name = lifecounterTests;
			productName = lifecounterTests;
			productReference = DB869ABA263286F30047C7BE /* lifecounterTests.xctest */;
			productType = "com.apple.product-type.bundle.unit-test";
		};
		DB869AC4263286F30047C7BE /* lifecounterUITests */ = {
			isa = PBXNativeTarget;
			buildConfigurationList = DB869AD4263286F30047C7BE /* Build configuration list for PBXNativeTarget "lifecounterUITests" */;
			buildPhases = (
				DB869AC1263286F30047C7BE /* Sources */,
				DB869AC2263286F30047C7BE /* Frameworks */,
				DB869AC3263286F30047C7BE /* Resources */,
			);
			buildRules = (
			);
			dependencies = (
				DB869AC7263286F30047C7BE /* PBXTargetDependency */,
			);
			name = lifecounterUITests;
			productName = lifecounterUITests;
			productReference = DB869AC5263286F30047C7BE /* lifecounterUITests.xctest */;
			productType = "com.apple.product-type.bundle.ui-testing";
		};
/* End PBXNativeTarget section */

/* Begin PBXProject section */
		DB869AA1263286EE0047C7BE /* Project object */ = {
			isa = PBXProject;
			attributes = {
				LastSwiftUpdateCheck = 1240;
				LastUpgradeCheck = 1240;
				TargetAttributes = {
					DB869AA8263286EE0047C7BE = {
						CreatedOnToolsVersion = 12.4;
					};
					DB869AB9263286F30047C7BE = {
						CreatedOnToolsVersion = 12.4;
						TestTargetID = DB869AA8263286EE0047C7BE;
					};
					DB869AC4263286F30047C7BE = {
						CreatedOnToolsVersion = 12.4;
						TestTargetID = DB869AA8263286EE0047C7BE;
					};
				};
			};
			buildConfigurationList = DB869AA4263286EE0047C7BE /* Build configuration list for PBXProject "lifecounter" */;
			compatibilityVersion = "Xcode 9.3";
			developmentRegion = en;
			hasScannedForEncodings = 0;
			knownRegions = (
				en,
				Base,
			);
			mainGroup = DB869AA0263286EE0047C7BE;
			productRefGroup = DB869AAA263286EE0047C7BE /* Products */;
			projectDirPath = "";
			projectRoot = "";
			targets = (
				DB869AA8263286EE0047C7BE /* lifecounter */,
				DB869AB9263286F30047C7BE /* lifecounterTests */,
				DB869AC4263286F30047C7BE /* lifecounterUITests */,
			);
		};
/* End PBXProject section */

/* Begin PBXResourcesBuildPhase section */
		DB869AA7263286EE0047C7BE /* Resources */ = {
			isa = PBXResourcesBuildPhase;
			buildActionMask = 2147483647;
			files = (
				DB869AB4263286F20047C7BE /* Preview Assets.xcassets in Resources */,
				DB869AB1263286F20047C7BE /* Assets.xcassets in Resources */,
			);
			runOnlyForDeploymentPostprocessing = 0;
		};
		DB869AB8263286F30047C7BE /* Resources */ = {
			isa = PBXResourcesBuildPhase;
			buildActionMask = 2147483647;
			files = (
			);
			runOnlyForDeploymentPostprocessing = 0;
		};
		DB869AC3263286F30047C7BE /* Resources */ = {
			isa = PBXResourcesBuildPhase;
			buildActionMask = 2147483647;
			files = (
			);
			runOnlyForDeploymentPostprocessing = 0;
		};
/* End PBXResourcesBuildPhase section */

/* Begin PBXSourcesBuildPhase section */
		DB869AA5263286EE0047C7BE /* Sources */ = {
			isa = PBXSourcesBuildPhase;
			buildActionMask = 2147483647;
			files = (
				DB869AEB2638C4580047C7BE /* Header.swift in Sources */,
				DB869AAF263286EF0047C7BE /* ContentView.swift in Sources */,
				DB869ADE263896220047C7BE /* HistoryView.swift in Sources */,
				DB869AAD263286EF0047C7BE /* lifecounterApp.swift in Sources */,
				DB869AE62638C4520047C7BE /* PlayerIndiv.swift in Sources */,
			);
			runOnlyForDeploymentPostprocessing = 0;
		};
		DB869AB6263286F30047C7BE /* Sources */ = {
			isa = PBXSourcesBuildPhase;
			buildActionMask = 2147483647;
			files = (
				DB869ABF263286F30047C7BE /* lifecounterTests.swift in Sources */,
			);
			runOnlyForDeploymentPostprocessing = 0;
		};
		DB869AC1263286F30047C7BE /* Sources */ = {
			isa = PBXSourcesBuildPhase;
			buildActionMask = 2147483647;
			files = (
				DB869ACA263286F30047C7BE /* lifecounterUITests.swift in Sources */,
			);
			runOnlyForDeploymentPostprocessing = 0;
		};
/* End PBXSourcesBuildPhase section */

/* Begin PBXTargetDependency section */
		DB869ABC263286F30047C7BE /* PBXTargetDependency */ = {
			isa = PBXTargetDependency;
			target = DB869AA8263286EE0047C7BE /* lifecounter */;
			targetProxy = DB869ABB263286F30047C7BE /* PBXContainerItemProxy */;
		};
		DB869AC7263286F30047C7BE /* PBXTargetDependency */ = {
			isa = PBXTargetDependency;
			target = DB869AA8263286EE0047C7BE /* lifecounter */;
			targetProxy = DB869AC6263286F30047C7BE /* PBXContainerItemProxy */;
		};
/* End PBXTargetDependency section */

/* Begin XCBuildConfiguration section */
		DB869ACC263286F30047C7BE /* Debug */ = {
			isa = XCBuildConfiguration;
			buildSettings = {
				ALWAYS_SEARCH_USER_PATHS = NO;
				CLANG_ANALYZER_NONNULL = YES;
				CLANG_ANALYZER_NUMBER_OBJECT_CONVERSION = YES_AGGRESSIVE;
				CLANG_CXX_LANGUAGE_STANDARD = "gnu++14";
				CLANG_CXX_LIBRARY = "libc++";
				CLANG_ENABLE_MODULES = YES;
				CLANG_ENABLE_OBJC_ARC = YES;
				CLANG_ENABLE_OBJC_WEAK = YES;
				CLANG_WARN_BLOCK_CAPTURE_AUTORELEASING = YES;
				CLANG_WARN_BOOL_CONVERSION = YES;
				CLANG_WARN_COMMA = YES;
				CLANG_WARN_CONSTANT_CONVERSION = YES;
				CLANG_WARN_DEPRECATED_OBJC_IMPLEMENTATIONS = YES;
				CLANG_WARN_DIRECT_OBJC_ISA_USAGE = YES_ERROR;
				CLANG_WARN_DOCUMENTATION_COMMENTS = YES;
				CLANG_WARN_EMPTY_BODY = YES;
				CLANG_WARN_ENUM_CONVERSION = YES;
				CLANG_WARN_INFINITE_RECURSION = YES;
				CLANG_WARN_INT_CONVERSION = YES;
				CLANG_WARN_NON_LITERAL_NULL_CONVERSION = YES;
				CLANG_WARN_OBJC_IMPLICIT_RETAIN_SELF = YES;
				CLANG_WARN_OBJC_LITERAL_CONVERSION = YES;
				CLANG_WARN_OBJC_ROOT_CLASS = YES_ERROR;
				CLANG_WARN_QUOTED_INCLUDE_IN_FRAMEWORK_HEADER = YES;
				CLANG_WARN_RANGE_LOOP_ANALYSIS = YES;
				CLANG_WARN_STRICT_PROTOTYPES = YES;
				CLANG_WARN_SUSPICIOUS_MOVE = YES;
				CLANG_WARN_UNGUARDED_AVAILABILITY = YES_AGGRESSIVE;
				CLANG_WARN_UNREACHABLE_CODE = YES;
				CLANG_WARN__DUPLICATE_METHOD_MATCH = YES;
				COPY_PHASE_STRIP = NO;
				DEBUG_INFORMATION_FORMAT = dwarf;
				ENABLE_STRICT_OBJC_MSGSEND = YES;
				ENABLE_TESTABILITY = YES;
				GCC_C_LANGUAGE_STANDARD = gnu11;
				GCC_DYNAMIC_NO_PIC = NO;
				GCC_NO_COMMON_BLOCKS = YES;
				GCC_OPTIMIZATION_LEVEL = 0;
				GCC_PREPROCESSOR_DEFINITIONS = (
					"DEBUG=1",
					"$(inherited)",
				);
				GCC_WARN_64_TO_32_BIT_CONVERSION = YES;
				GCC_WARN_ABOUT_RETURN_TYPE = YES_ERROR;
				GCC_WARN_UNDECLARED_SELECTOR = YES;
				GCC_WARN_UNINITIALIZED_AUTOS = YES_AGGRESSIVE;
				GCC_WARN_UNUSED_FUNCTION = YES;
				GCC_WARN_UNUSED_VARIABLE = YES;
				IPHONEOS_DEPLOYMENT_TARGET = 14.4;
				MTL_ENABLE_DEBUG_INFO = INCLUDE_SOURCE;
				MTL_FAST_MATH = YES;
				ONLY_ACTIVE_ARCH = YES;
				SDKROOT = iphoneos;
				SWIFT_ACTIVE_COMPILATION_CONDITIONS = DEBUG;
				SWIFT_OPTIMIZATION_LEVEL = "-Onone";
			};
			name = Debug;
		};
		DB869ACD263286F30047C7BE /* Release */ = {
			isa = XCBuildConfiguration;
			buildSettings = {
				ALWAYS_SEARCH_USER_PATHS = NO;
				CLANG_ANALYZER_NONNULL = YES;
				CLANG_ANALYZER_NUMBER_OBJECT_CONVERSION = YES_AGGRESSIVE;
				CLANG_CXX_LANGUAGE_STANDARD = "gnu++14";
				CLANG_CXX_LIBRARY = "libc++";
				CLANG_ENABLE_MODULES = YES;
				CLANG_ENABLE_OBJC_ARC = YES;
				CLANG_ENABLE_OBJC_WEAK = YES;
				CLANG_WARN_BLOCK_CAPTURE_AUTORELEASING = YES;
				CLANG_WARN_BOOL_CONVERSION = YES;
				CLANG_WARN_COMMA = YES;
				CLANG_WARN_CONSTANT_CONVERSION = YES;
				CLANG_WARN_DEPRECATED_OBJC_IMPLEMENTATIONS = YES;
				CLANG_WARN_DIRECT_OBJC_ISA_USAGE = YES_ERROR;
				CLANG_WARN_DOCUMENTATION_COMMENTS = YES;
				CLANG_WARN_EMPTY_BODY = YES;
				CLANG_WARN_ENUM_CONVERSION = YES;
				CLANG_WARN_INFINITE_RECURSION = YES;
				CLANG_WARN_INT_CONVERSION = YES;
				CLANG_WARN_NON_LITERAL_NULL_CONVERSION = YES;
				CLANG_WARN_OBJC_IMPLICIT_RETAIN_SELF = YES;
				CLANG_WARN_OBJC_LITERAL_CONVERSION = YES;
				CLANG_WARN_OBJC_ROOT_CLASS = YES_ERROR;
				CLANG_WARN_QUOTED_INCLUDE_IN_FRAMEWORK_HEADER = YES;
				CLANG_WARN_RANGE_LOOP_ANALYSIS = YES;
				CLANG_WARN_STRICT_PROTOTYPES = YES;
				CLANG_WARN_SUSPICIOUS_MOVE = YES;
				CLANG_WARN_UNGUARDED_AVAILABILITY = YES_AGGRESSIVE;
				CLANG_WARN_UNREACHABLE_CODE = YES;
				CLANG_WARN__DUPLICATE_METHOD_MATCH = YES;
				COPY_PHASE_STRIP = NO;
				DEBUG_INFORMATION_FORMAT = "dwarf-with-dsym";
				ENABLE_NS_ASSERTIONS = NO;
				ENABLE_STRICT_OBJC_MSGSEND = YES;
				GCC_C_LANGUAGE_STANDARD = gnu11;
				GCC_NO_COMMON_BLOCKS = YES;
				GCC_WARN_64_TO_32_BIT_CONVERSION = YES;
				GCC_WARN_ABOUT_RETURN_TYPE = YES_ERROR;
				GCC_WARN_UNDECLARED_SELECTOR = YES;
				GCC_WARN_UNINITIALIZED_AUTOS = YES_AGGRESSIVE;
				GCC_WARN_UNUSED_FUNCTION = YES;
				GCC_WARN_UNUSED_VARIABLE = YES;
				IPHONEOS_DEPLOYMENT_TARGET = 14.4;
				MTL_ENABLE_DEBUG_INFO = NO;
				MTL_FAST_MATH = YES;
				SDKROOT = iphoneos;
				SWIFT_COMPILATION_MODE = wholemodule;
				SWIFT_OPTIMIZATION_LEVEL = "-O";
				VALIDATE_PRODUCT = YES;
			};
			name = Release;
		};
		DB869ACF263286F30047C7BE /* Debug */ = {
			isa = XCBuildConfiguration;
			buildSettings = {
				ASSETCATALOG_COMPILER_APPICON_NAME = AppIcon;
				ASSETCATALOG_COMPILER_GLOBAL_ACCENT_COLOR_NAME = AccentColor;
				CODE_SIGN_STYLE = Automatic;
				DEVELOPMENT_ASSET_PATHS = "\"lifecounter/Preview Content\"";
				DEVELOPMENT_TEAM = 79Q2B4G9R7;
				ENABLE_PREVIEWS = YES;
				INFOPLIST_FILE = lifecounter/Info.plist;
				IPHONEOS_DEPLOYMENT_TARGET = 14.0;
				LD_RUNPATH_SEARCH_PATHS = (
					"$(inherited)",
					"@executable_path/Frameworks",
				);
				PRODUCT_BUNDLE_IDENTIFIER = edu.uw.fywm.lifecounter;
				PRODUCT_NAME = "$(TARGET_NAME)";
				SWIFT_VERSION = 5.0;
				TARGETED_DEVICE_FAMILY = "1,2";
			};
			name = Debug;
		};
		DB869AD0263286F30047C7BE /* Release */ = {
			isa = XCBuildConfiguration;
			buildSettings = {
				ASSETCATALOG_COMPILER_APPICON_NAME = AppIcon;
				ASSETCATALOG_COMPILER_GLOBAL_ACCENT_COLOR_NAME = AccentColor;
				CODE_SIGN_STYLE = Automatic;
				DEVELOPMENT_ASSET_PATHS = "\"lifecounter/Preview Content\"";
				DEVELOPMENT_TEAM = 79Q2B4G9R7;
				ENABLE_PREVIEWS = YES;
				INFOPLIST_FILE = lifecounter/Info.plist;
				IPHONEOS_DEPLOYMENT_TARGET = 14.0;
				LD_RUNPATH_SEARCH_PATHS = (
					"$(inherited)",
					"@executable_path/Frameworks",
				);
				PRODUCT_BUNDLE_IDENTIFIER = edu.uw.fywm.lifecounter;
				PRODUCT_NAME = "$(TARGET_NAME)";
				SWIFT_VERSION = 5.0;
				TARGETED_DEVICE_FAMILY = "1,2";
			};
			name = Release;
		};
		DB869AD2263286F30047C7BE /* Debug */ = {
			isa = XCBuildConfiguration;
			buildSettings = {
				ALWAYS_EMBED_SWIFT_STANDARD_LIBRARIES = YES;
				BUNDLE_LOADER = "$(TEST_HOST)";
				CODE_SIGN_STYLE = Automatic;
				DEVELOPMENT_TEAM = 79Q2B4G9R7;
				INFOPLIST_FILE = lifecounterTests/Info.plist;
				IPHONEOS_DEPLOYMENT_TARGET = 14.0;
				LD_RUNPATH_SEARCH_PATHS = (
					"$(inherited)",
					"@executable_path/Frameworks",
					"@loader_path/Frameworks",
				);
				PRODUCT_BUNDLE_IDENTIFIER = edu.uw.fywm.lifecounterTests;
				PRODUCT_NAME = "$(TARGET_NAME)";
				SWIFT_VERSION = 5.0;
				TARGETED_DEVICE_FAMILY = "1,2";
				TEST_HOST = "$(BUILT_PRODUCTS_DIR)/lifecounter.app/lifecounter";
			};
			name = Debug;
		};
		DB869AD3263286F30047C7BE /* Release */ = {
			isa = XCBuildConfiguration;
			buildSettings = {
				ALWAYS_EMBED_SWIFT_STANDARD_LIBRARIES = YES;
				BUNDLE_LOADER = "$(TEST_HOST)";
				CODE_SIGN_STYLE = Automatic;
				DEVELOPMENT_TEAM = 79Q2B4G9R7;
				INFOPLIST_FILE = lifecounterTests/Info.plist;
				IPHONEOS_DEPLOYMENT_TARGET = 14.0;
				LD_RUNPATH_SEARCH_PATHS = (
					"$(inherited)",
					"@executable_path/Frameworks",
					"@loader_path/Frameworks",
				);
				PRODUCT_BUNDLE_IDENTIFIER = edu.uw.fywm.lifecounterTests;
				PRODUCT_NAME = "$(TARGET_NAME)";
				SWIFT_VERSION = 5.0;
				TARGETED_DEVICE_FAMILY = "1,2";
				TEST_HOST = "$(BUILT_PRODUCTS_DIR)/lifecounter.app/lifecounter";
			};
			name = Release;
		};
		DB869AD5263286F30047C7BE /* Debug */ = {
			isa = XCBuildConfiguration;
			buildSettings = {
				ALWAYS_EMBED_SWIFT_STANDARD_LIBRARIES = YES;
				CODE_SIGN_STYLE = Automatic;
				DEVELOPMENT_TEAM = 79Q2B4G9R7;
				INFOPLIST_FILE = lifecounterUITests/Info.plist;
				LD_RUNPATH_SEARCH_PATHS = (
					"$(inherited)",
					"@executable_path/Frameworks",
					"@loader_path/Frameworks",
				);
				PRODUCT_BUNDLE_IDENTIFIER = edu.uw.fywm.lifecounterUITests;
				PRODUCT_NAME = "$(TARGET_NAME)";
				SWIFT_VERSION = 5.0;
				TARGETED_DEVICE_FAMILY = "1,2";
				TEST_TARGET_NAME = lifecounter;
			};
			name = Debug;
		};
		DB869AD6263286F30047C7BE /* Release */ = {
			isa = XCBuildConfiguration;
			buildSettings = {
				ALWAYS_EMBED_SWIFT_STANDARD_LIBRARIES = YES;
				CODE_SIGN_STYLE = Automatic;
				DEVELOPMENT_TEAM = 79Q2B4G9R7;
				INFOPLIST_FILE = lifecounterUITests/Info.plist;
				LD_RUNPATH_SEARCH_PATHS = (
					"$(inherited)",
					"@executable_path/Frameworks",
					"@loader_path/Frameworks",
				);
				PRODUCT_BUNDLE_IDENTIFIER = edu.uw.fywm.lifecounterUITests;
				PRODUCT_NAME = "$(TARGET_NAME)";
				SWIFT_VERSION = 5.0;
				TARGETED_DEVICE_FAMILY = "1,2";
				TEST_TARGET_NAME = lifecounter;
			};
			name = Release;
		};
/* End XCBuildConfiguration section */

/* Begin XCConfigurationList section */
		DB869AA4263286EE0047C7BE /* Build configuration list for PBXProject "lifecounter" */ = {
			isa = XCConfigurationList;
			buildConfigurations = (
				DB869ACC263286F30047C7BE /* Debug */,
				DB869ACD263286F30047C7BE /* Release */,
			);
			defaultConfigurationIsVisible = 0;
			defaultConfigurationName = Release;
		};
		DB869ACE263286F30047C7BE /* Build configuration list for PBXNativeTarget "lifecounter" */ = {
			isa = XCConfigurationList;
			buildConfigurations = (
				DB869ACF263286F30047C7BE /* Debug */,
				DB869AD0263286F30047C7BE /* Release */,
			);
			defaultConfigurationIsVisible = 0;
			defaultConfigurationName = Release;
		};
		DB869AD1263286F30047C7BE /* Build configuration list for PBXNativeTarget "lifecounterTests" */ = {
			isa = XCConfigurationList;
			buildConfigurations = (
				DB869AD2263286F30047C7BE /* Debug */,
				DB869AD3263286F30047C7BE /* Release */,
			);
			defaultConfigurationIsVisible = 0;
			defaultConfigurationName = Release;
		};
		DB869AD4263286F30047C7BE /* Build configuration list for PBXNativeTarget "lifecounterUITests" */ = {
			isa = XCConfigurationList;
			buildConfigurations = (
				DB869AD5263286F30047C7BE /* Debug */,
				DB869AD6263286F30047C7BE /* Release */,
			);
			defaultConfigurationIsVisible = 0;
			defaultConfigurationName = Release;
		};
/* End XCConfigurationList section */
	};
	rootObject = DB869AA1263286EE0047C7BE /* Project object */;
}
