// !$*UTF8*$!
{
	archiveVersion = 1;
	classes = {
	};
	objectVersion = 50;
	objects = {

/* Begin PBXBuildFile section */
		DBA058492631F40000F11F86 /* lifecounter_swiftuiApp.swift in Sources */ = {isa = PBXBuildFile; fileRef = DBA058482631F40000F11F86 /* lifecounter_swiftuiApp.swift */; };
		DBA0584B2631F40000F11F86 /* ContentView.swift in Sources */ = {isa = PBXBuildFile; fileRef = DBA0584A2631F40000F11F86 /* ContentView.swift */; };
		DBA0584D2631F40300F11F86 /* Assets.xcassets in Resources */ = {isa = PBXBuildFile; fileRef = DBA0584C2631F40300F11F86 /* Assets.xcassets */; };
		DBA058502631F40300F11F86 /* Preview Assets.xcassets in Resources */ = {isa = PBXBuildFile; fileRef = DBA0584F2631F40300F11F86 /* Preview Assets.xcassets */; };
		DBA0585B2631F40400F11F86 /* lifecounter_swiftuiTests.swift in Sources */ = {isa = PBXBuildFile; fileRef = DBA0585A2631F40400F11F86 /* lifecounter_swiftuiTests.swift */; };
		DBA058662631F40400F11F86 /* lifecounter_swiftuiUITests.swift in Sources */ = {isa = PBXBuildFile; fileRef = DBA058652631F40400F11F86 /* lifecounter_swiftuiUITests.swift */; };
/* End PBXBuildFile section */

/* Begin PBXContainerItemProxy section */
		DBA058572631F40400F11F86 /* PBXContainerItemProxy */ = {
			isa = PBXContainerItemProxy;
			containerPortal = DBA0583D2631F40000F11F86 /* Project object */;
			proxyType = 1;
			remoteGlobalIDString = DBA058442631F40000F11F86;
			remoteInfo = lifecounter_swiftui;
		};
		DBA058622631F40400F11F86 /* PBXContainerItemProxy */ = {
			isa = PBXContainerItemProxy;
			containerPortal = DBA0583D2631F40000F11F86 /* Project object */;
			proxyType = 1;
			remoteGlobalIDString = DBA058442631F40000F11F86;
			remoteInfo = lifecounter_swiftui;
		};
/* End PBXContainerItemProxy section */

/* Begin PBXFileReference section */
		DBA058452631F40000F11F86 /* lifecounter_swiftui.app */ = {isa = PBXFileReference; explicitFileType = wrapper.application; includeInIndex = 0; path = lifecounter_swiftui.app; sourceTree = BUILT_PRODUCTS_DIR; };
		DBA058482631F40000F11F86 /* lifecounter_swiftuiApp.swift */ = {isa = PBXFileReference; lastKnownFileType = sourcecode.swift; path = lifecounter_swiftuiApp.swift; sourceTree = "<group>"; };
		DBA0584A2631F40000F11F86 /* ContentView.swift */ = {isa = PBXFileReference; lastKnownFileType = sourcecode.swift; path = ContentView.swift; sourceTree = "<group>"; };
		DBA0584C2631F40300F11F86 /* Assets.xcassets */ = {isa = PBXFileReference; lastKnownFileType = folder.assetcatalog; path = Assets.xcassets; sourceTree = "<group>"; };
		DBA0584F2631F40300F11F86 /* Preview Assets.xcassets */ = {isa = PBXFileReference; lastKnownFileType = folder.assetcatalog; path = "Preview Assets.xcassets"; sourceTree = "<group>"; };
		DBA058512631F40300F11F86 /* Info.plist */ = {isa = PBXFileReference; lastKnownFileType = text.plist.xml; path = Info.plist; sourceTree = "<group>"; };
		DBA058562631F40400F11F86 /* lifecounter_swiftuiTests.xctest */ = {isa = PBXFileReference; explicitFileType = wrapper.cfbundle; includeInIndex = 0; path = lifecounter_swiftuiTests.xctest; sourceTree = BUILT_PRODUCTS_DIR; };
		DBA0585A2631F40400F11F86 /* lifecounter_swiftuiTests.swift */ = {isa = PBXFileReference; lastKnownFileType = sourcecode.swift; path = lifecounter_swiftuiTests.swift; sourceTree = "<group>"; };
		DBA0585C2631F40400F11F86 /* Info.plist */ = {isa = PBXFileReference; lastKnownFileType = text.plist.xml; path = Info.plist; sourceTree = "<group>"; };
		DBA058612631F40400F11F86 /* lifecounter_swiftuiUITests.xctest */ = {isa = PBXFileReference; explicitFileType = wrapper.cfbundle; includeInIndex = 0; path = lifecounter_swiftuiUITests.xctest; sourceTree = BUILT_PRODUCTS_DIR; };
		DBA058652631F40400F11F86 /* lifecounter_swiftuiUITests.swift */ = {isa = PBXFileReference; lastKnownFileType = sourcecode.swift; path = lifecounter_swiftuiUITests.swift; sourceTree = "<group>"; };
		DBA058672631F40400F11F86 /* Info.plist */ = {isa = PBXFileReference; lastKnownFileType = text.plist.xml; path = Info.plist; sourceTree = "<group>"; };
/* End PBXFileReference section */

/* Begin PBXFrameworksBuildPhase section */
		DBA058422631F40000F11F86 /* Frameworks */ = {
			isa = PBXFrameworksBuildPhase;
			buildActionMask = 2147483647;
			files = (
			);
			runOnlyForDeploymentPostprocessing = 0;
		};
		DBA058532631F40400F11F86 /* Frameworks */ = {
			isa = PBXFrameworksBuildPhase;
			buildActionMask = 2147483647;
			files = (
			);
			runOnlyForDeploymentPostprocessing = 0;
		};
		DBA0585E2631F40400F11F86 /* Frameworks */ = {
			isa = PBXFrameworksBuildPhase;
			buildActionMask = 2147483647;
			files = (
			);
			runOnlyForDeploymentPostprocessing = 0;
		};
/* End PBXFrameworksBuildPhase section */

/* Begin PBXGroup section */
		DBA0583C2631F3FF00F11F86 = {
			isa = PBXGroup;
			children = (
				DBA058472631F40000F11F86 /* lifecounter_swiftui */,
				DBA058592631F40400F11F86 /* lifecounter_swiftuiTests */,
				DBA058642631F40400F11F86 /* lifecounter_swiftuiUITests */,
				DBA058462631F40000F11F86 /* Products */,
			);
			sourceTree = "<group>";
		};
		DBA058462631F40000F11F86 /* Products */ = {
			isa = PBXGroup;
			children = (
				DBA058452631F40000F11F86 /* lifecounter_swiftui.app */,
				DBA058562631F40400F11F86 /* lifecounter_swiftuiTests.xctest */,
				DBA058612631F40400F11F86 /* lifecounter_swiftuiUITests.xctest */,
			);
			name = Products;
			sourceTree = "<group>";
		};
		DBA058472631F40000F11F86 /* lifecounter_swiftui */ = {
			isa = PBXGroup;
			children = (
				DBA058482631F40000F11F86 /* lifecounter_swiftuiApp.swift */,
				DBA0584A2631F40000F11F86 /* ContentView.swift */,
				DBA0584C2631F40300F11F86 /* Assets.xcassets */,
				DBA058512631F40300F11F86 /* Info.plist */,
				DBA0584E2631F40300F11F86 /* Preview Content */,
			);
			path = lifecounter_swiftui;
			sourceTree = "<group>";
		};
		DBA0584E2631F40300F11F86 /* Preview Content */ = {
			isa = PBXGroup;
			children = (
				DBA0584F2631F40300F11F86 /* Preview Assets.xcassets */,
			);
			path = "Preview Content";
			sourceTree = "<group>";
		};
		DBA058592631F40400F11F86 /* lifecounter_swiftuiTests */ = {
			isa = PBXGroup;
			children = (
				DBA0585A2631F40400F11F86 /* lifecounter_swiftuiTests.swift */,
				DBA0585C2631F40400F11F86 /* Info.plist */,
			);
			path = lifecounter_swiftuiTests;
			sourceTree = "<group>";
		};
		DBA058642631F40400F11F86 /* lifecounter_swiftuiUITests */ = {
			isa = PBXGroup;
			children = (
				DBA058652631F40400F11F86 /* lifecounter_swiftuiUITests.swift */,
				DBA058672631F40400F11F86 /* Info.plist */,
			);
			path = lifecounter_swiftuiUITests;
			sourceTree = "<group>";
		};
/* End PBXGroup section */

/* Begin PBXNativeTarget section */
		DBA058442631F40000F11F86 /* lifecounter_swiftui */ = {
			isa = PBXNativeTarget;
			buildConfigurationList = DBA0586A2631F40400F11F86 /* Build configuration list for PBXNativeTarget "lifecounter_swiftui" */;
			buildPhases = (
				DBA058412631F40000F11F86 /* Sources */,
				DBA058422631F40000F11F86 /* Frameworks */,
				DBA058432631F40000F11F86 /* Resources */,
			);
			buildRules = (
			);
			dependencies = (
			);
			name = lifecounter_swiftui;
			productName = lifecounter_swiftui;
			productReference = DBA058452631F40000F11F86 /* lifecounter_swiftui.app */;
			productType = "com.apple.product-type.application";
		};
		DBA058552631F40400F11F86 /* lifecounter_swiftuiTests */ = {
			isa = PBXNativeTarget;
			buildConfigurationList = DBA0586D2631F40400F11F86 /* Build configuration list for PBXNativeTarget "lifecounter_swiftuiTests" */;
			buildPhases = (
				DBA058522631F40400F11F86 /* Sources */,
				DBA058532631F40400F11F86 /* Frameworks */,
				DBA058542631F40400F11F86 /* Resources */,
			);
			buildRules = (
			);
			dependencies = (
				DBA058582631F40400F11F86 /* PBXTargetDependency */,
			);
			name = lifecounter_swiftuiTests;
			productName = lifecounter_swiftuiTests;
			productReference = DBA058562631F40400F11F86 /* lifecounter_swiftuiTests.xctest */;
			productType = "com.apple.product-type.bundle.unit-test";
		};
		DBA058602631F40400F11F86 /* lifecounter_swiftuiUITests */ = {
			isa = PBXNativeTarget;
			buildConfigurationList = DBA058702631F40400F11F86 /* Build configuration list for PBXNativeTarget "lifecounter_swiftuiUITests" */;
			buildPhases = (
				DBA0585D2631F40400F11F86 /* Sources */,
				DBA0585E2631F40400F11F86 /* Frameworks */,
				DBA0585F2631F40400F11F86 /* Resources */,
			);
			buildRules = (
			);
			dependencies = (
				DBA058632631F40400F11F86 /* PBXTargetDependency */,
			);
			name = lifecounter_swiftuiUITests;
			productName = lifecounter_swiftuiUITests;
			productReference = DBA058612631F40400F11F86 /* lifecounter_swiftuiUITests.xctest */;
			productType = "com.apple.product-type.bundle.ui-testing";
		};
/* End PBXNativeTarget section */

/* Begin PBXProject section */
		DBA0583D2631F40000F11F86 /* Project object */ = {
			isa = PBXProject;
			attributes = {
				LastSwiftUpdateCheck = 1240;
				LastUpgradeCheck = 1240;
				TargetAttributes = {
					DBA058442631F40000F11F86 = {
						CreatedOnToolsVersion = 12.4;
					};
					DBA058552631F40400F11F86 = {
						CreatedOnToolsVersion = 12.4;
						TestTargetID = DBA058442631F40000F11F86;
					};
					DBA058602631F40400F11F86 = {
						CreatedOnToolsVersion = 12.4;
						TestTargetID = DBA058442631F40000F11F86;
					};
				};
			};
			buildConfigurationList = DBA058402631F40000F11F86 /* Build configuration list for PBXProject "lifecounter_swiftui" */;
			compatibilityVersion = "Xcode 9.3";
			developmentRegion = en;
			hasScannedForEncodings = 0;
			knownRegions = (
				en,
				Base,
			);
			mainGroup = DBA0583C2631F3FF00F11F86;
			productRefGroup = DBA058462631F40000F11F86 /* Products */;
			projectDirPath = "";
			projectRoot = "";
			targets = (
				DBA058442631F40000F11F86 /* lifecounter_swiftui */,
				DBA058552631F40400F11F86 /* lifecounter_swiftuiTests */,
				DBA058602631F40400F11F86 /* lifecounter_swiftuiUITests */,
			);
		};
/* End PBXProject section */

/* Begin PBXResourcesBuildPhase section */
		DBA058432631F40000F11F86 /* Resources */ = {
			isa = PBXResourcesBuildPhase;
			buildActionMask = 2147483647;
			files = (
				DBA058502631F40300F11F86 /* Preview Assets.xcassets in Resources */,
				DBA0584D2631F40300F11F86 /* Assets.xcassets in Resources */,
			);
			runOnlyForDeploymentPostprocessing = 0;
		};
		DBA058542631F40400F11F86 /* Resources */ = {
			isa = PBXResourcesBuildPhase;
			buildActionMask = 2147483647;
			files = (
			);
			runOnlyForDeploymentPostprocessing = 0;
		};
		DBA0585F2631F40400F11F86 /* Resources */ = {
			isa = PBXResourcesBuildPhase;
			buildActionMask = 2147483647;
			files = (
			);
			runOnlyForDeploymentPostprocessing = 0;
		};
/* End PBXResourcesBuildPhase section */

/* Begin PBXSourcesBuildPhase section */
		DBA058412631F40000F11F86 /* Sources */ = {
			isa = PBXSourcesBuildPhase;
			buildActionMask = 2147483647;
			files = (
				DBA0584B2631F40000F11F86 /* ContentView.swift in Sources */,
				DBA058492631F40000F11F86 /* lifecounter_swiftuiApp.swift in Sources */,
			);
			runOnlyForDeploymentPostprocessing = 0;
		};
		DBA058522631F40400F11F86 /* Sources */ = {
			isa = PBXSourcesBuildPhase;
			buildActionMask = 2147483647;
			files = (
				DBA0585B2631F40400F11F86 /* lifecounter_swiftuiTests.swift in Sources */,
			);
			runOnlyForDeploymentPostprocessing = 0;
		};
		DBA0585D2631F40400F11F86 /* Sources */ = {
			isa = PBXSourcesBuildPhase;
			buildActionMask = 2147483647;
			files = (
				DBA058662631F40400F11F86 /* lifecounter_swiftuiUITests.swift in Sources */,
			);
			runOnlyForDeploymentPostprocessing = 0;
		};
/* End PBXSourcesBuildPhase section */

/* Begin PBXTargetDependency section */
		DBA058582631F40400F11F86 /* PBXTargetDependency */ = {
			isa = PBXTargetDependency;
			target = DBA058442631F40000F11F86 /* lifecounter_swiftui */;
			targetProxy = DBA058572631F40400F11F86 /* PBXContainerItemProxy */;
		};
		DBA058632631F40400F11F86 /* PBXTargetDependency */ = {
			isa = PBXTargetDependency;
			target = DBA058442631F40000F11F86 /* lifecounter_swiftui */;
			targetProxy = DBA058622631F40400F11F86 /* PBXContainerItemProxy */;
		};
/* End PBXTargetDependency section */

/* Begin XCBuildConfiguration section */
		DBA058682631F40400F11F86 /* Debug */ = {
			isa = XCBuildConfiguration;
			buildSettings = {
				ALWAYS_SEARCH_USER_PATHS = NO;
				CLANG_ANALYZER_NONNULL = YES;
				CLANG_ANALYZER_NUMBER_OBJECT_CONVERSION = YES_AGGRESSIVE;
				CLANG_CXX_LANGUAGE_STANDARD = "gnu++14";
				CLANG_CXX_LIBRARY = "libc++";
				CLANG_ENABLE_MODULES = YES;
				CLANG_ENABLE_OBJC_ARC = YES;
				CLANG_ENABLE_OBJC_WEAK = YES;
				CLANG_WARN_BLOCK_CAPTURE_AUTORELEASING = YES;
				CLANG_WARN_BOOL_CONVERSION = YES;
				CLANG_WARN_COMMA = YES;
				CLANG_WARN_CONSTANT_CONVERSION = YES;
				CLANG_WARN_DEPRECATED_OBJC_IMPLEMENTATIONS = YES;
				CLANG_WARN_DIRECT_OBJC_ISA_USAGE = YES_ERROR;
				CLANG_WARN_DOCUMENTATION_COMMENTS = YES;
				CLANG_WARN_EMPTY_BODY = YES;
				CLANG_WARN_ENUM_CONVERSION = YES;
				CLANG_WARN_INFINITE_RECURSION = YES;
				CLANG_WARN_INT_CONVERSION = YES;
				CLANG_WARN_NON_LITERAL_NULL_CONVERSION = YES;
				CLANG_WARN_OBJC_IMPLICIT_RETAIN_SELF = YES;
				CLANG_WARN_OBJC_LITERAL_CONVERSION = YES;
				CLANG_WARN_OBJC_ROOT_CLASS = YES_ERROR;
				CLANG_WARN_QUOTED_INCLUDE_IN_FRAMEWORK_HEADER = YES;
				CLANG_WARN_RANGE_LOOP_ANALYSIS = YES;
				CLANG_WARN_STRICT_PROTOTYPES = YES;
				CLANG_WARN_SUSPICIOUS_MOVE = YES;
				CLANG_WARN_UNGUARDED_AVAILABILITY = YES_AGGRESSIVE;
				CLANG_WARN_UNREACHABLE_CODE = YES;
				CLANG_WARN__DUPLICATE_METHOD_MATCH = YES;
				COPY_PHASE_STRIP = NO;
				DEBUG_INFORMATION_FORMAT = dwarf;
				ENABLE_STRICT_OBJC_MSGSEND = YES;
				ENABLE_TESTABILITY = YES;
				GCC_C_LANGUAGE_STANDARD = gnu11;
				GCC_DYNAMIC_NO_PIC = NO;
				GCC_NO_COMMON_BLOCKS = YES;
				GCC_OPTIMIZATION_LEVEL = 0;
				GCC_PREPROCESSOR_DEFINITIONS = (
					"DEBUG=1",
					"$(inherited)",
				);
				GCC_WARN_64_TO_32_BIT_CONVERSION = YES;
				GCC_WARN_ABOUT_RETURN_TYPE = YES_ERROR;
				GCC_WARN_UNDECLARED_SELECTOR = YES;
				GCC_WARN_UNINITIALIZED_AUTOS = YES_AGGRESSIVE;
				GCC_WARN_UNUSED_FUNCTION = YES;
				GCC_WARN_UNUSED_VARIABLE = YES;
				IPHONEOS_DEPLOYMENT_TARGET = 14.4;
				MTL_ENABLE_DEBUG_INFO = INCLUDE_SOURCE;
				MTL_FAST_MATH = YES;
				ONLY_ACTIVE_ARCH = YES;
				SDKROOT = iphoneos;
				SWIFT_ACTIVE_COMPILATION_CONDITIONS = DEBUG;
				SWIFT_OPTIMIZATION_LEVEL = "-Onone";
			};
			name = Debug;
		};
		DBA058692631F40400F11F86 /* Release */ = {
			isa = XCBuildConfiguration;
			buildSettings = {
				ALWAYS_SEARCH_USER_PATHS = NO;
				CLANG_ANALYZER_NONNULL = YES;
				CLANG_ANALYZER_NUMBER_OBJECT_CONVERSION = YES_AGGRESSIVE;
				CLANG_CXX_LANGUAGE_STANDARD = "gnu++14";
				CLANG_CXX_LIBRARY = "libc++";
				CLANG_ENABLE_MODULES = YES;
				CLANG_ENABLE_OBJC_ARC = YES;
				CLANG_ENABLE_OBJC_WEAK = YES;
				CLANG_WARN_BLOCK_CAPTURE_AUTORELEASING = YES;
				CLANG_WARN_BOOL_CONVERSION = YES;
				CLANG_WARN_COMMA = YES;
				CLANG_WARN_CONSTANT_CONVERSION = YES;
				CLANG_WARN_DEPRECATED_OBJC_IMPLEMENTATIONS = YES;
				CLANG_WARN_DIRECT_OBJC_ISA_USAGE = YES_ERROR;
				CLANG_WARN_DOCUMENTATION_COMMENTS = YES;
				CLANG_WARN_EMPTY_BODY = YES;
				CLANG_WARN_ENUM_CONVERSION = YES;
				CLANG_WARN_INFINITE_RECURSION = YES;
				CLANG_WARN_INT_CONVERSION = YES;
				CLANG_WARN_NON_LITERAL_NULL_CONVERSION = YES;
				CLANG_WARN_OBJC_IMPLICIT_RETAIN_SELF = YES;
				CLANG_WARN_OBJC_LITERAL_CONVERSION = YES;
				CLANG_WARN_OBJC_ROOT_CLASS = YES_ERROR;
				CLANG_WARN_QUOTED_INCLUDE_IN_FRAMEWORK_HEADER = YES;
				CLANG_WARN_RANGE_LOOP_ANALYSIS = YES;
				CLANG_WARN_STRICT_PROTOTYPES = YES;
				CLANG_WARN_SUSPICIOUS_MOVE = YES;
				CLANG_WARN_UNGUARDED_AVAILABILITY = YES_AGGRESSIVE;
				CLANG_WARN_UNREACHABLE_CODE = YES;
				CLANG_WARN__DUPLICATE_METHOD_MATCH = YES;
				COPY_PHASE_STRIP = NO;
				DEBUG_INFORMATION_FORMAT = "dwarf-with-dsym";
				ENABLE_NS_ASSERTIONS = NO;
				ENABLE_STRICT_OBJC_MSGSEND = YES;
				GCC_C_LANGUAGE_STANDARD = gnu11;
				GCC_NO_COMMON_BLOCKS = YES;
				GCC_WARN_64_TO_32_BIT_CONVERSION = YES;
				GCC_WARN_ABOUT_RETURN_TYPE = YES_ERROR;
				GCC_WARN_UNDECLARED_SELECTOR = YES;
				GCC_WARN_UNINITIALIZED_AUTOS = YES_AGGRESSIVE;
				GCC_WARN_UNUSED_FUNCTION = YES;
				GCC_WARN_UNUSED_VARIABLE = YES;
				IPHONEOS_DEPLOYMENT_TARGET = 14.4;
				MTL_ENABLE_DEBUG_INFO = NO;
				MTL_FAST_MATH = YES;
				SDKROOT = iphoneos;
				SWIFT_COMPILATION_MODE = wholemodule;
				SWIFT_OPTIMIZATION_LEVEL = "-O";
				VALIDATE_PRODUCT = YES;
			};
			name = Release;
		};
		DBA0586B2631F40400F11F86 /* Debug */ = {
			isa = XCBuildConfiguration;
			buildSettings = {
				ASSETCATALOG_COMPILER_APPICON_NAME = AppIcon;
				ASSETCATALOG_COMPILER_GLOBAL_ACCENT_COLOR_NAME = AccentColor;
				CODE_SIGN_STYLE = Automatic;
				DEVELOPMENT_ASSET_PATHS = "\"lifecounter_swiftui/Preview Content\"";
				DEVELOPMENT_TEAM = 79Q2B4G9R7;
				ENABLE_PREVIEWS = YES;
				INFOPLIST_FILE = lifecounter_swiftui/Info.plist;
				IPHONEOS_DEPLOYMENT_TARGET = 14.0;
				LD_RUNPATH_SEARCH_PATHS = (
					"$(inherited)",
					"@executable_path/Frameworks",
				);
				PRODUCT_BUNDLE_IDENTIFIER = "edu.uw.fywm.lifecounter-swiftui";
				PRODUCT_NAME = "$(TARGET_NAME)";
				SWIFT_VERSION = 5.0;
				TARGETED_DEVICE_FAMILY = "1,2";
			};
			name = Debug;
		};
		DBA0586C2631F40400F11F86 /* Release */ = {
			isa = XCBuildConfiguration;
			buildSettings = {
				ASSETCATALOG_COMPILER_APPICON_NAME = AppIcon;
				ASSETCATALOG_COMPILER_GLOBAL_ACCENT_COLOR_NAME = AccentColor;
				CODE_SIGN_STYLE = Automatic;
				DEVELOPMENT_ASSET_PATHS = "\"lifecounter_swiftui/Preview Content\"";
				DEVELOPMENT_TEAM = 79Q2B4G9R7;
				ENABLE_PREVIEWS = YES;
				INFOPLIST_FILE = lifecounter_swiftui/Info.plist;
				IPHONEOS_DEPLOYMENT_TARGET = 14.0;
				LD_RUNPATH_SEARCH_PATHS = (
					"$(inherited)",
					"@executable_path/Frameworks",
				);
				PRODUCT_BUNDLE_IDENTIFIER = "edu.uw.fywm.lifecounter-swiftui";
				PRODUCT_NAME = "$(TARGET_NAME)";
				SWIFT_VERSION = 5.0;
				TARGETED_DEVICE_FAMILY = "1,2";
			};
			name = Release;
		};
		DBA0586E2631F40400F11F86 /* Debug */ = {
			isa = XCBuildConfiguration;
			buildSettings = {
				ALWAYS_EMBED_SWIFT_STANDARD_LIBRARIES = YES;
				BUNDLE_LOADER = "$(TEST_HOST)";
				CODE_SIGN_STYLE = Automatic;
				DEVELOPMENT_TEAM = 79Q2B4G9R7;
				INFOPLIST_FILE = lifecounter_swiftuiTests/Info.plist;
				IPHONEOS_DEPLOYMENT_TARGET = 14.0;
				LD_RUNPATH_SEARCH_PATHS = (
					"$(inherited)",
					"@executable_path/Frameworks",
					"@loader_path/Frameworks",
				);
				PRODUCT_BUNDLE_IDENTIFIER = "edu.uw.fywm.lifecounter-swiftuiTests";
				PRODUCT_NAME = "$(TARGET_NAME)";
				SWIFT_VERSION = 5.0;
				TARGETED_DEVICE_FAMILY = "1,2";
				TEST_HOST = "$(BUILT_PRODUCTS_DIR)/lifecounter_swiftui.app/lifecounter_swiftui";
			};
			name = Debug;
		};
		DBA0586F2631F40400F11F86 /* Release */ = {
			isa = XCBuildConfiguration;
			buildSettings = {
				ALWAYS_EMBED_SWIFT_STANDARD_LIBRARIES = YES;
				BUNDLE_LOADER = "$(TEST_HOST)";
				CODE_SIGN_STYLE = Automatic;
				DEVELOPMENT_TEAM = 79Q2B4G9R7;
				INFOPLIST_FILE = lifecounter_swiftuiTests/Info.plist;
				IPHONEOS_DEPLOYMENT_TARGET = 14.0;
				LD_RUNPATH_SEARCH_PATHS = (
					"$(inherited)",
					"@executable_path/Frameworks",
					"@loader_path/Frameworks",
				);
				PRODUCT_BUNDLE_IDENTIFIER = "edu.uw.fywm.lifecounter-swiftuiTests";
				PRODUCT_NAME = "$(TARGET_NAME)";
				SWIFT_VERSION = 5.0;
				TARGETED_DEVICE_FAMILY = "1,2";
				TEST_HOST = "$(BUILT_PRODUCTS_DIR)/lifecounter_swiftui.app/lifecounter_swiftui";
			};
			name = Release;
		};
		DBA058712631F40400F11F86 /* Debug */ = {
			isa = XCBuildConfiguration;
			buildSettings = {
				ALWAYS_EMBED_SWIFT_STANDARD_LIBRARIES = YES;
				CODE_SIGN_STYLE = Automatic;
				DEVELOPMENT_TEAM = 79Q2B4G9R7;
				INFOPLIST_FILE = lifecounter_swiftuiUITests/Info.plist;
				LD_RUNPATH_SEARCH_PATHS = (
					"$(inherited)",
					"@executable_path/Frameworks",
					"@loader_path/Frameworks",
				);
				PRODUCT_BUNDLE_IDENTIFIER = "edu.uw.fywm.lifecounter-swiftuiUITests";
				PRODUCT_NAME = "$(TARGET_NAME)";
				SWIFT_VERSION = 5.0;
				TARGETED_DEVICE_FAMILY = "1,2";
				TEST_TARGET_NAME = lifecounter_swiftui;
			};
			name = Debug;
		};
		DBA058722631F40400F11F86 /* Release */ = {
			isa = XCBuildConfiguration;
			buildSettings = {
				ALWAYS_EMBED_SWIFT_STANDARD_LIBRARIES = YES;
				CODE_SIGN_STYLE = Automatic;
				DEVELOPMENT_TEAM = 79Q2B4G9R7;
				INFOPLIST_FILE = lifecounter_swiftuiUITests/Info.plist;
				LD_RUNPATH_SEARCH_PATHS = (
					"$(inherited)",
					"@executable_path/Frameworks",
					"@loader_path/Frameworks",
				);
				PRODUCT_BUNDLE_IDENTIFIER = "edu.uw.fywm.lifecounter-swiftuiUITests";
				PRODUCT_NAME = "$(TARGET_NAME)";
				SWIFT_VERSION = 5.0;
				TARGETED_DEVICE_FAMILY = "1,2";
				TEST_TARGET_NAME = lifecounter_swiftui;
			};
			name = Release;
		};
/* End XCBuildConfiguration section */

/* Begin XCConfigurationList section */
		DBA058402631F40000F11F86 /* Build configuration list for PBXProject "lifecounter_swiftui" */ = {
			isa = XCConfigurationList;
			buildConfigurations = (
				DBA058682631F40400F11F86 /* Debug */,
				DBA058692631F40400F11F86 /* Release */,
			);
			defaultConfigurationIsVisible = 0;
			defaultConfigurationName = Release;
		};
		DBA0586A2631F40400F11F86 /* Build configuration list for PBXNativeTarget "lifecounter_swiftui" */ = {
			isa = XCConfigurationList;
			buildConfigurations = (
				DBA0586B2631F40400F11F86 /* Debug */,
				DBA0586C2631F40400F11F86 /* Release */,
			);
			defaultConfigurationIsVisible = 0;
			defaultConfigurationName = Release;
		};
		DBA0586D2631F40400F11F86 /* Build configuration list for PBXNativeTarget "lifecounter_swiftuiTests" */ = {
			isa = XCConfigurationList;
			buildConfigurations = (
				DBA0586E2631F40400F11F86 /* Debug */,
				DBA0586F2631F40400F11F86 /* Release */,
			);
			defaultConfigurationIsVisible = 0;
			defaultConfigurationName = Release;
		};
		DBA058702631F40400F11F86 /* Build configuration list for PBXNativeTarget "lifecounter_swiftuiUITests" */ = {
			isa = XCConfigurationList;
			buildConfigurations = (
				DBA058712631F40400F11F86 /* Debug */,
				DBA058722631F40400F11F86 /* Release */,
			);
			defaultConfigurationIsVisible = 0;
			defaultConfigurationName = Release;
		};
/* End XCConfigurationList section */
	};
	rootObject = DBA0583D2631F40000F11F86 /* Project object */;
}
